
Microsoft Visual Studio Solution File, Format Version 12.00
# Visual Studio Version 16
VisualStudioVersion = 16.0.30128.74
MinimumVisualStudioVersion = 10.0.40219.1
Project("{FAE04EC0-301F-11D3-BF4B-00C04F79EFBC}") = "IntelligencePurchase", "IntelligencePurchase\IntelligencePurchase.csproj", "{3EF7C3BF-4C05-4FBF-A68B-3C817098D6A8}"
EndProject
Global
	GlobalSection(SolutionConfigurationPlatforms) = preSolution
		Debug|Any CPU = Debug|Any CPU
		Release|Any CPU = Release|Any CPU
	EndGlobalSection
	GlobalSection(ProjectConfigurationPlatforms) = postSolution
		{3EF7C3BF-4C05-4FBF-A68B-3C817098D6A8}.Debug|Any CPU.ActiveCfg = Debug|Any CPU
		{3EF7C3BF-4C05-4FBF-A68B-3C817098D6A8}.Debug|Any CPU.Build.0 = Debug|Any CPU
		{3EF7C3BF-4C05-4FBF-A68B-3C817098D6A8}.Release|Any CPU.ActiveCfg = Release|Any CPU
		{3EF7C3BF-4C05-4FBF-A68B-3C817098D6A8}.Release|Any CPU.Build.0 = Release|Any CPU
	EndGlobalSection
	GlobalSection(SolutionProperties) = preSolution
		HideSolutionNode = FALSE
	EndGlobalSection
	GlobalSection(ExtensibilityGlobals) = postSolution
		SolutionGuid = {499DBFEE-C89D-4B30-833E-5B596B0B16A6}
	EndGlobalSection
EndGlobal
